
Microsoft Visual Studio Solution File, Format Version 12.00
# Visual Studio 15
VisualStudioVersion = 15.0.28307.572
MinimumVisualStudioVersion = 10.0.40219.1
Project("{FAE04EC0-301F-11D3-BF4B-00C04F79EFBC}") = "Presentacion", "Presentacion\Presentacion.csproj", "{1C7BC45F-CED7-47B9-A1C8-76AC605BBBE9}"
EndProject
Project("{FAE04EC0-301F-11D3-BF4B-00C04F79EFBC}") = "Entidades", "Entidades\Entidades.csproj", "{5FA69756-AB82-42A0-A2E9-B03E2F58721D}"
EndProject
Project("{FAE04EC0-301F-11D3-BF4B-00C04F79EFBC}") = "Negocio", "Negocio\Negocio.csproj", "{D14C653D-F016-496D-9312-1C78103E0144}"
EndProject
Project("{FAE04EC0-301F-11D3-BF4B-00C04F79EFBC}") = "EntityFramework.CodeFirst", "EntityFramework.CodeFirst\EntityFramework.CodeFirst.csproj", "{0176BFB5-2C63-48AE-AF22-1D5EE1FE7BED}"
EndProject
Project("{2150E333-8FDC-42A3-9474-1A3956D46DE8}") = "ColmadoFact", "ColmadoFact", "{1E57E889-8695-4F62-A32C-6C3822B9A0EC}"
EndProject
Project("{2150E333-8FDC-42A3-9474-1A3956D46DE8}") = "poo", "poo", "{5EE9C2D8-A9F0-45E8-9AF6-5544CD2F2BF1}"
EndProject
Project("{FAE04EC0-301F-11D3-BF4B-00C04F79EFBC}") = "ColmadoFact", "ColmadoFact\ColmadoFact.csproj", "{73081A9A-D002-478D-81BC-5C8D362D5A64}"
EndProject
Project("{FAE04EC0-301F-11D3-BF4B-00C04F79EFBC}") = "ColmadoFact.MyControls", "ColmadoFact.MyControls\ColmadoFact.MyControls.csproj", "{61E3DCD2-97E9-4E14-9EEE-88D9C470305B}"
EndProject
Project("{2150E333-8FDC-42A3-9474-1A3956D46DE8}") = "UsoDeControles", "UsoDeControles", "{E85E7212-7024-4088-B9AC-00E6F31126DE}"
EndProject
Project("{FAE04EC0-301F-11D3-BF4B-00C04F79EFBC}") = "UsoDeControlesYLogicaDeprogramacion", "UsoDeControles\UsoDeControlesYLogicaDeprogramacion.csproj", "{E7091F95-91F7-4A06-A061-1CDAD04B3E61}"
EndProject
Global
	GlobalSection(SolutionConfigurationPlatforms) = preSolution
		Debug|Any CPU = Debug|Any CPU
		Release|Any CPU = Release|Any CPU
	EndGlobalSection
	GlobalSection(ProjectConfigurationPlatforms) = postSolution
		{1C7BC45F-CED7-47B9-A1C8-76AC605BBBE9}.Debug|Any CPU.ActiveCfg = Debug|Any CPU
		{1C7BC45F-CED7-47B9-A1C8-76AC605BBBE9}.Debug|Any CPU.Build.0 = Debug|Any CPU
		{1C7BC45F-CED7-47B9-A1C8-76AC605BBBE9}.Release|Any CPU.ActiveCfg = Release|Any CPU
		{1C7BC45F-CED7-47B9-A1C8-76AC605BBBE9}.Release|Any CPU.Build.0 = Release|Any CPU
		{5FA69756-AB82-42A0-A2E9-B03E2F58721D}.Debug|Any CPU.ActiveCfg = Debug|Any CPU
		{5FA69756-AB82-42A0-A2E9-B03E2F58721D}.Debug|Any CPU.Build.0 = Debug|Any CPU
		{5FA69756-AB82-42A0-A2E9-B03E2F58721D}.Release|Any CPU.ActiveCfg = Release|Any CPU
		{5FA69756-AB82-42A0-A2E9-B03E2F58721D}.Release|Any CPU.Build.0 = Release|Any CPU
		{D14C653D-F016-496D-9312-1C78103E0144}.Debug|Any CPU.ActiveCfg = Debug|Any CPU
		{D14C653D-F016-496D-9312-1C78103E0144}.Debug|Any CPU.Build.0 = Debug|Any CPU
		{D14C653D-F016-496D-9312-1C78103E0144}.Release|Any CPU.ActiveCfg = Release|Any CPU
		{D14C653D-F016-496D-9312-1C78103E0144}.Release|Any CPU.Build.0 = Release|Any CPU
		{0176BFB5-2C63-48AE-AF22-1D5EE1FE7BED}.Debug|Any CPU.ActiveCfg = Debug|Any CPU
		{0176BFB5-2C63-48AE-AF22-1D5EE1FE7BED}.Debug|Any CPU.Build.0 = Debug|Any CPU
		{0176BFB5-2C63-48AE-AF22-1D5EE1FE7BED}.Release|Any CPU.ActiveCfg = Release|Any CPU
		{0176BFB5-2C63-48AE-AF22-1D5EE1FE7BED}.Release|Any CPU.Build.0 = Release|Any CPU
		{73081A9A-D002-478D-81BC-5C8D362D5A64}.Debug|Any CPU.ActiveCfg = Debug|Any CPU
		{73081A9A-D002-478D-81BC-5C8D362D5A64}.Debug|Any CPU.Build.0 = Debug|Any CPU
		{73081A9A-D002-478D-81BC-5C8D362D5A64}.Release|Any CPU.ActiveCfg = Release|Any CPU
		{73081A9A-D002-478D-81BC-5C8D362D5A64}.Release|Any CPU.Build.0 = Release|Any CPU
		{61E3DCD2-97E9-4E14-9EEE-88D9C470305B}.Debug|Any CPU.ActiveCfg = Debug|Any CPU
		{61E3DCD2-97E9-4E14-9EEE-88D9C470305B}.Debug|Any CPU.Build.0 = Debug|Any CPU
		{61E3DCD2-97E9-4E14-9EEE-88D9C470305B}.Release|Any CPU.ActiveCfg = Release|Any CPU
		{61E3DCD2-97E9-4E14-9EEE-88D9C470305B}.Release|Any CPU.Build.0 = Release|Any CPU
		{E7091F95-91F7-4A06-A061-1CDAD04B3E61}.Debug|Any CPU.ActiveCfg = Debug|Any CPU
		{E7091F95-91F7-4A06-A061-1CDAD04B3E61}.Debug|Any CPU.Build.0 = Debug|Any CPU
		{E7091F95-91F7-4A06-A061-1CDAD04B3E61}.Release|Any CPU.ActiveCfg = Release|Any CPU
		{E7091F95-91F7-4A06-A061-1CDAD04B3E61}.Release|Any CPU.Build.0 = Release|Any CPU
	EndGlobalSection
	GlobalSection(SolutionProperties) = preSolution
		HideSolutionNode = FALSE
	EndGlobalSection
	GlobalSection(NestedProjects) = preSolution
		{1C7BC45F-CED7-47B9-A1C8-76AC605BBBE9} = {5EE9C2D8-A9F0-45E8-9AF6-5544CD2F2BF1}
		{5FA69756-AB82-42A0-A2E9-B03E2F58721D} = {5EE9C2D8-A9F0-45E8-9AF6-5544CD2F2BF1}
		{D14C653D-F016-496D-9312-1C78103E0144} = {5EE9C2D8-A9F0-45E8-9AF6-5544CD2F2BF1}
		{0176BFB5-2C63-48AE-AF22-1D5EE1FE7BED} = {5EE9C2D8-A9F0-45E8-9AF6-5544CD2F2BF1}
		{73081A9A-D002-478D-81BC-5C8D362D5A64} = {1E57E889-8695-4F62-A32C-6C3822B9A0EC}
		{61E3DCD2-97E9-4E14-9EEE-88D9C470305B} = {1E57E889-8695-4F62-A32C-6C3822B9A0EC}
		{E7091F95-91F7-4A06-A061-1CDAD04B3E61} = {E85E7212-7024-4088-B9AC-00E6F31126DE}
	EndGlobalSection
	GlobalSection(ExtensibilityGlobals) = postSolution
		SolutionGuid = {C20F4D5D-F0D2-45D1-AF1B-6BA0837C68A2}
	EndGlobalSection
EndGlobal
